
Microsoft Visual Studio Solution File, Format Version 12.00
# Visual Studio Version 17
VisualStudioVersion = 17.13.35913.81 d17.13
MinimumVisualStudioVersion = 10.0.40219.1
Project("{FAE04EC0-301F-11D3-BF4B-00C04F79EFBC}") = "MatrixMultiplication", "MatrixMultiplication.csproj", "{519C8496-1AE7-44A8-9120-ED749DFC70F1}"
EndProject
Global
	GlobalSection(SolutionConfigurationPlatforms) = preSolution
		Debug|Any CPU = Debug|Any CPU
		Release|Any CPU = Release|Any CPU
	EndGlobalSection
	GlobalSection(ProjectConfigurationPlatforms) = postSolution
		{519C8496-1AE7-44A8-9120-ED749DFC70F1}.Debug|Any CPU.ActiveCfg = Debug|Any CPU
		{519C8496-1AE7-44A8-9120-ED749DFC70F1}.Debug|Any CPU.Build.0 = Debug|Any CPU
		{519C8496-1AE7-44A8-9120-ED749DFC70F1}.Release|Any CPU.ActiveCfg = Release|Any CPU
		{519C8496-1AE7-44A8-9120-ED749DFC70F1}.Release|Any CPU.Build.0 = Release|Any CPU
	EndGlobalSection
	GlobalSection(SolutionProperties) = preSolution
		HideSolutionNode = FALSE
	EndGlobalSection
	GlobalSection(ExtensibilityGlobals) = postSolution
		SolutionGuid = {BE3B53A4-5A0B-4596-9455-21A6954CBB24}
	EndGlobalSection
EndGlobal
